
Microsoft Visual Studio Solution File, Format Version 12.00
# Visual Studio Version 17
VisualStudioVersion = 17.8.34322.80
MinimumVisualStudioVersion = 10.0.40219.1
Project("{FAE04EC0-301F-11D3-BF4B-00C04F79EFBC}") = "GithubPractice", "GithubPractice.csproj", "{90630537-33D4-4CAC-8D49-9F994FC6A975}"
EndProject
Global
	GlobalSection(SolutionConfigurationPlatforms) = preSolution
		Debug|Any CPU = Debug|Any CPU
		Release|Any CPU = Release|Any CPU
	EndGlobalSection
	GlobalSection(ProjectConfigurationPlatforms) = postSolution
		{90630537-33D4-4CAC-8D49-9F994FC6A975}.Debug|Any CPU.ActiveCfg = Debug|Any CPU
		{90630537-33D4-4CAC-8D49-9F994FC6A975}.Debug|Any CPU.Build.0 = Debug|Any CPU
		{90630537-33D4-4CAC-8D49-9F994FC6A975}.Release|Any CPU.ActiveCfg = Release|Any CPU
		{90630537-33D4-4CAC-8D49-9F994FC6A975}.Release|Any CPU.Build.0 = Release|Any CPU
	EndGlobalSection
	GlobalSection(SolutionProperties) = preSolution
		HideSolutionNode = FALSE
	EndGlobalSection
	GlobalSection(ExtensibilityGlobals) = postSolution
		SolutionGuid = {E6582634-D66E-4E48-8444-A7E6857F630D}
	EndGlobalSection
EndGlobal
